
Microsoft Visual Studio Solution File, Format Version 12.00
# Visual Studio Version 17
VisualStudioVersion = 17.10.34916.146
MinimumVisualStudioVersion = 10.0.40219.1
Project("{FAE04EC0-301F-11D3-BF4B-00C04F79EFBC}") = "AppGestao", "AppGestao.csproj", "{E4EE284A-B6EE-4891-9A30-1DB6CBA35050}"
EndProject
Global
	GlobalSection(SolutionConfigurationPlatforms) = preSolution
		Debug|Any CPU = Debug|Any CPU
		Release|Any CPU = Release|Any CPU
	EndGlobalSection
	GlobalSection(ProjectConfigurationPlatforms) = postSolution
		{E4EE284A-B6EE-4891-9A30-1DB6CBA35050}.Debug|Any CPU.ActiveCfg = Debug|Any CPU
		{E4EE284A-B6EE-4891-9A30-1DB6CBA35050}.Debug|Any CPU.Build.0 = Debug|Any CPU
		{E4EE284A-B6EE-4891-9A30-1DB6CBA35050}.Release|Any CPU.ActiveCfg = Release|Any CPU
		{E4EE284A-B6EE-4891-9A30-1DB6CBA35050}.Release|Any CPU.Build.0 = Release|Any CPU
	EndGlobalSection
	GlobalSection(SolutionProperties) = preSolution
		HideSolutionNode = FALSE
	EndGlobalSection
	GlobalSection(ExtensibilityGlobals) = postSolution
		SolutionGuid = {D1FC70C9-6899-435A-A6BB-EEE66349AA79}
	EndGlobalSection
EndGlobal
